
Microsoft Visual Studio Solution File, Format Version 12.00
# Visual Studio Version 16
VisualStudioVersion = 16.0.31025.194
MinimumVisualStudioVersion = 10.0.40219.1
Project("{8BC9CEB8-8B4A-11D0-8D11-00A0C91BC942}") = "ExFix", "ExFix\ExFix.vcxproj", "{3867CA1D-CFA8-4B83-ACA3-0E212D8EEC4C}"
EndProject
Global
	GlobalSection(SolutionConfigurationPlatforms) = preSolution
		Debug|x64 = Debug|x64
		Debug|x86 = Debug|x86
		Release|x64 = Release|x64
		Release|x86 = Release|x86
	EndGlobalSection
	GlobalSection(ProjectConfigurationPlatforms) = postSolution
		{3867CA1D-CFA8-4B83-ACA3-0E212D8EEC4C}.Debug|x64.ActiveCfg = Debug|x64
		{3867CA1D-CFA8-4B83-ACA3-0E212D8EEC4C}.Debug|x64.Build.0 = Debug|x64
		{3867CA1D-CFA8-4B83-ACA3-0E212D8EEC4C}.Debug|x86.ActiveCfg = Debug|Win32
		{3867CA1D-CFA8-4B83-ACA3-0E212D8EEC4C}.Debug|x86.Build.0 = Debug|Win32
		{3867CA1D-CFA8-4B83-ACA3-0E212D8EEC4C}.Release|x64.ActiveCfg = Release|x64
		{3867CA1D-CFA8-4B83-ACA3-0E212D8EEC4C}.Release|x64.Build.0 = Release|x64
		{3867CA1D-CFA8-4B83-ACA3-0E212D8EEC4C}.Release|x86.ActiveCfg = Release|Win32
		{3867CA1D-CFA8-4B83-ACA3-0E212D8EEC4C}.Release|x86.Build.0 = Release|Win32
	EndGlobalSection
	GlobalSection(SolutionProperties) = preSolution
		HideSolutionNode = FALSE
	EndGlobalSection
	GlobalSection(ExtensibilityGlobals) = postSolution
		SolutionGuid = {E7174917-48F3-40A7-8A31-F9FA178F7981}
	EndGlobalSection
EndGlobal
