
Microsoft Visual Studio Solution File, Format Version 12.00
# Visual Studio Version 16
VisualStudioVersion = 16.0.31025.194
MinimumVisualStudioVersion = 10.0.40219.1
Project("{8BC9CEB8-8B4A-11D0-8D11-00A0C91BC942}") = "ex de aprendizagem", "ex de aprendizagem\ex de aprendizagem.vcxproj", "{24D051E9-0739-4B20-9D7F-16CB7DF690FC}"
EndProject
Global
	GlobalSection(SolutionConfigurationPlatforms) = preSolution
		Debug|x64 = Debug|x64
		Debug|x86 = Debug|x86
		Release|x64 = Release|x64
		Release|x86 = Release|x86
	EndGlobalSection
	GlobalSection(ProjectConfigurationPlatforms) = postSolution
		{24D051E9-0739-4B20-9D7F-16CB7DF690FC}.Debug|x64.ActiveCfg = Debug|x64
		{24D051E9-0739-4B20-9D7F-16CB7DF690FC}.Debug|x64.Build.0 = Debug|x64
		{24D051E9-0739-4B20-9D7F-16CB7DF690FC}.Debug|x86.ActiveCfg = Debug|Win32
		{24D051E9-0739-4B20-9D7F-16CB7DF690FC}.Debug|x86.Build.0 = Debug|Win32
		{24D051E9-0739-4B20-9D7F-16CB7DF690FC}.Release|x64.ActiveCfg = Release|x64
		{24D051E9-0739-4B20-9D7F-16CB7DF690FC}.Release|x64.Build.0 = Release|x64
		{24D051E9-0739-4B20-9D7F-16CB7DF690FC}.Release|x86.ActiveCfg = Release|Win32
		{24D051E9-0739-4B20-9D7F-16CB7DF690FC}.Release|x86.Build.0 = Release|Win32
	EndGlobalSection
	GlobalSection(SolutionProperties) = preSolution
		HideSolutionNode = FALSE
	EndGlobalSection
	GlobalSection(ExtensibilityGlobals) = postSolution
		SolutionGuid = {8E4C7501-288A-493D-AC4B-BE3AB65376EF}
	EndGlobalSection
EndGlobal
